
Microsoft Visual Studio Solution File, Format Version 12.00
# Visual Studio Version 16
VisualStudioVersion = 16.0.29519.87
MinimumVisualStudioVersion = 10.0.40219.1
Project("{FAE04EC0-301F-11D3-BF4B-00C04F79EFBC}") = "PROG8170_Assignment1", "PROG8170_Assignment1\PROG8170_Assignment1.csproj", "{21223766-735E-45DE-8C59-091B6CADE12E}"
EndProject
Project("{FAE04EC0-301F-11D3-BF4B-00C04F79EFBC}") = "PROG8170_Assignment1.Tests", "PROG8170_Assignment1.Tests\PROG8170_Assignment1.Tests.csproj", "{2D87F275-7DAE-467D-835F-519948046D2C}"
EndProject
Global
	GlobalSection(SolutionConfigurationPlatforms) = preSolution
		Debug|Any CPU = Debug|Any CPU
		Release|Any CPU = Release|Any CPU
	EndGlobalSection
	GlobalSection(ProjectConfigurationPlatforms) = postSolution
		{21223766-735E-45DE-8C59-091B6CADE12E}.Debug|Any CPU.ActiveCfg = Debug|Any CPU
		{21223766-735E-45DE-8C59-091B6CADE12E}.Debug|Any CPU.Build.0 = Debug|Any CPU
		{21223766-735E-45DE-8C59-091B6CADE12E}.Release|Any CPU.ActiveCfg = Release|Any CPU
		{21223766-735E-45DE-8C59-091B6CADE12E}.Release|Any CPU.Build.0 = Release|Any CPU
		{2D87F275-7DAE-467D-835F-519948046D2C}.Debug|Any CPU.ActiveCfg = Debug|Any CPU
		{2D87F275-7DAE-467D-835F-519948046D2C}.Debug|Any CPU.Build.0 = Debug|Any CPU
		{2D87F275-7DAE-467D-835F-519948046D2C}.Release|Any CPU.ActiveCfg = Release|Any CPU
		{2D87F275-7DAE-467D-835F-519948046D2C}.Release|Any CPU.Build.0 = Release|Any CPU
	EndGlobalSection
	GlobalSection(SolutionProperties) = preSolution
		HideSolutionNode = FALSE
	EndGlobalSection
	GlobalSection(ExtensibilityGlobals) = postSolution
		SolutionGuid = {1E7F6765-9904-488F-8411-DF703DB89F85}
	EndGlobalSection
EndGlobal
